
Microsoft Visual Studio Solution File, Format Version 12.00
# Visual Studio 15
VisualStudioVersion = 15.0.28010.2026
MinimumVisualStudioVersion = 10.0.40219.1
Project("{FAE04EC0-301F-11D3-BF4B-00C04F79EFBC}") = "App1.Android", "App1\App1.Android\App1.Android.csproj", "{E2F76F9F-7051-4505-A8A1-2D6B3ABE3877}"
EndProject
Project("{FAE04EC0-301F-11D3-BF4B-00C04F79EFBC}") = "App1.iOS", "App1\App1.iOS\App1.iOS.csproj", "{99EF1B26-48EC-4538-A438-7DB60DE9117A}"
EndProject
Project("{FAE04EC0-301F-11D3-BF4B-00C04F79EFBC}") = "App1.UWP", "App1\App1.UWP\App1.UWP.csproj", "{44385D3A-6022-4333-B0CC-A29865660A63}"
EndProject
Project("{FAE04EC0-301F-11D3-BF4B-00C04F79EFBC}") = "App1", "App1\App1\App1.csproj", "{202CCB9E-4465-43E1-B713-79DF1E07B7E8}"
EndProject
Global
	GlobalSection(SolutionConfigurationPlatforms) = preSolution
		Ad-Hoc|Any CPU = Ad-Hoc|Any CPU
		Ad-Hoc|ARM = Ad-Hoc|ARM
		Ad-Hoc|iPhone = Ad-Hoc|iPhone
		Ad-Hoc|iPhoneSimulator = Ad-Hoc|iPhoneSimulator
		Ad-Hoc|x64 = Ad-Hoc|x64
		Ad-Hoc|x86 = Ad-Hoc|x86
		AppStore|Any CPU = AppStore|Any CPU
		AppStore|ARM = AppStore|ARM
		AppStore|iPhone = AppStore|iPhone
		AppStore|iPhoneSimulator = AppStore|iPhoneSimulator
		AppStore|x64 = AppStore|x64
		AppStore|x86 = AppStore|x86
		Debug|Any CPU = Debug|Any CPU
		Debug|ARM = Debug|ARM
		Debug|iPhone = Debug|iPhone
		Debug|iPhoneSimulator = Debug|iPhoneSimulator
		Debug|x64 = Debug|x64
		Debug|x86 = Debug|x86
		Release|Any CPU = Release|Any CPU
		Release|ARM = Release|ARM
		Release|iPhone = Release|iPhone
		Release|iPhoneSimulator = Release|iPhoneSimulator
		Release|x64 = Release|x64
		Release|x86 = Release|x86
	EndGlobalSection
	GlobalSection(ProjectConfigurationPlatforms) = postSolution
		{E2F76F9F-7051-4505-A8A1-2D6B3ABE3877}.Ad-Hoc|Any CPU.ActiveCfg = Release|Any CPU
		{E2F76F9F-7051-4505-A8A1-2D6B3ABE3877}.Ad-Hoc|Any CPU.Build.0 = Release|Any CPU
		{E2F76F9F-7051-4505-A8A1-2D6B3ABE3877}.Ad-Hoc|Any CPU.Deploy.0 = Release|Any CPU
		{E2F76F9F-7051-4505-A8A1-2D6B3ABE3877}.Ad-Hoc|ARM.ActiveCfg = Release|Any CPU
		{E2F76F9F-7051-4505-A8A1-2D6B3ABE3877}.Ad-Hoc|ARM.Build.0 = Release|Any CPU
		{E2F76F9F-7051-4505-A8A1-2D6B3ABE3877}.Ad-Hoc|ARM.Deploy.0 = Release|Any CPU
		{E2F76F9F-7051-4505-A8A1-2D6B3ABE3877}.Ad-Hoc|iPhone.ActiveCfg = Release|Any CPU
		{E2F76F9F-7051-4505-A8A1-2D6B3ABE3877}.Ad-Hoc|iPhone.Build.0 = Release|Any CPU
		{E2F76F9F-7051-4505-A8A1-2D6B3ABE3877}.Ad-Hoc|iPhone.Deploy.0 = Release|Any CPU
		{E2F76F9F-7051-4505-A8A1-2D6B3ABE3877}.Ad-Hoc|iPhoneSimulator.ActiveCfg = Release|Any CPU
		{E2F76F9F-7051-4505-A8A1-2D6B3ABE3877}.Ad-Hoc|iPhoneSimulator.Build.0 = Release|Any CPU
		{E2F76F9F-7051-4505-A8A1-2D6B3ABE3877}.Ad-Hoc|iPhoneSimulator.Deploy.0 = Release|Any CPU
		{E2F76F9F-7051-4505-A8A1-2D6B3ABE3877}.Ad-Hoc|x64.ActiveCfg = Release|Any CPU
		{E2F76F9F-7051-4505-A8A1-2D6B3ABE3877}.Ad-Hoc|x64.Build.0 = Release|Any CPU
		{E2F76F9F-7051-4505-A8A1-2D6B3ABE3877}.Ad-Hoc|x64.Deploy.0 = Release|Any CPU
		{E2F76F9F-7051-4505-A8A1-2D6B3ABE3877}.Ad-Hoc|x86.ActiveCfg = Release|Any CPU
		{E2F76F9F-7051-4505-A8A1-2D6B3ABE3877}.Ad-Hoc|x86.Build.0 = Release|Any CPU
		{E2F76F9F-7051-4505-A8A1-2D6B3ABE3877}.Ad-Hoc|x86.Deploy.0 = Release|Any CPU
		{E2F76F9F-7051-4505-A8A1-2D6B3ABE3877}.AppStore|Any CPU.ActiveCfg = Release|Any CPU
		{E2F76F9F-7051-4505-A8A1-2D6B3ABE3877}.AppStore|Any CPU.Build.0 = Release|Any CPU
		{E2F76F9F-7051-4505-A8A1-2D6B3ABE3877}.AppStore|Any CPU.Deploy.0 = Release|Any CPU
		{E2F76F9F-7051-4505-A8A1-2D6B3ABE3877}.AppStore|ARM.ActiveCfg = Release|Any CPU
		{E2F76F9F-7051-4505-A8A1-2D6B3ABE3877}.AppStore|ARM.Build.0 = Release|Any CPU
		{E2F76F9F-7051-4505-A8A1-2D6B3ABE3877}.AppStore|ARM.Deploy.0 = Release|Any CPU
		{E2F76F9F-7051-4505-A8A1-2D6B3ABE3877}.AppStore|iPhone.ActiveCfg = Release|Any CPU
		{E2F76F9F-7051-4505-A8A1-2D6B3ABE3877}.AppStore|iPhone.Build.0 = Release|Any CPU
		{E2F76F9F-7051-4505-A8A1-2D6B3ABE3877}.AppStore|iPhone.Deploy.0 = Release|Any CPU
		{E2F76F9F-7051-4505-A8A1-2D6B3ABE3877}.AppStore|iPhoneSimulator.ActiveCfg = Release|Any CPU
		{E2F76F9F-7051-4505-A8A1-2D6B3ABE3877}.AppStore|iPhoneSimulator.Build.0 = Release|Any CPU
		{E2F76F9F-7051-4505-A8A1-2D6B3ABE3877}.AppStore|iPhoneSimulator.Deploy.0 = Release|Any CPU
		{E2F76F9F-7051-4505-A8A1-2D6B3ABE3877}.AppStore|x64.ActiveCfg = Release|Any CPU
		{E2F76F9F-7051-4505-A8A1-2D6B3ABE3877}.AppStore|x64.Build.0 = Release|Any CPU
		{E2F76F9F-7051-4505-A8A1-2D6B3ABE3877}.AppStore|x64.Deploy.0 = Release|Any CPU
		{E2F76F9F-7051-4505-A8A1-2D6B3ABE3877}.AppStore|x86.ActiveCfg = Release|Any CPU
		{E2F76F9F-7051-4505-A8A1-2D6B3ABE3877}.AppStore|x86.Build.0 = Release|Any CPU
		{E2F76F9F-7051-4505-A8A1-2D6B3ABE3877}.AppStore|x86.Deploy.0 = Release|Any CPU
		{E2F76F9F-7051-4505-A8A1-2D6B3ABE3877}.Debug|Any CPU.ActiveCfg = Debug|Any CPU
		{E2F76F9F-7051-4505-A8A1-2D6B3ABE3877}.Debug|Any CPU.Build.0 = Debug|Any CPU
		{E2F76F9F-7051-4505-A8A1-2D6B3ABE3877}.Debug|Any CPU.Deploy.0 = Debug|Any CPU
		{E2F76F9F-7051-4505-A8A1-2D6B3ABE3877}.Debug|ARM.ActiveCfg = Debug|Any CPU
		{E2F76F9F-7051-4505-A8A1-2D6B3ABE3877}.Debug|ARM.Build.0 = Debug|Any CPU
		{E2F76F9F-7051-4505-A8A1-2D6B3ABE3877}.Debug|ARM.Deploy.0 = Debug|Any CPU
		{E2F76F9F-7051-4505-A8A1-2D6B3ABE3877}.Debug|iPhone.ActiveCfg = Debug|Any CPU
		{E2F76F9F-7051-4505-A8A1-2D6B3ABE3877}.Debug|iPhone.Build.0 = Debug|Any CPU
		{E2F76F9F-7051-4505-A8A1-2D6B3ABE3877}.Debug|iPhone.Deploy.0 = Debug|Any CPU
		{E2F76F9F-7051-4505-A8A1-2D6B3ABE3877}.Debug|iPhoneSimulator.ActiveCfg = Debug|Any CPU
		{E2F76F9F-7051-4505-A8A1-2D6B3ABE3877}.Debug|iPhoneSimulator.Build.0 = Debug|Any CPU
		{E2F76F9F-7051-4505-A8A1-2D6B3ABE3877}.Debug|iPhoneSimulator.Deploy.0 = Debug|Any CPU
		{E2F76F9F-7051-4505-A8A1-2D6B3ABE3877}.Debug|x64.ActiveCfg = Debug|Any CPU
		{E2F76F9F-7051-4505-A8A1-2D6B3ABE3877}.Debug|x64.Build.0 = Debug|Any CPU
		{E2F76F9F-7051-4505-A8A1-2D6B3ABE3877}.Debug|x64.Deploy.0 = Debug|Any CPU
		{E2F76F9F-7051-4505-A8A1-2D6B3ABE3877}.Debug|x86.ActiveCfg = Debug|Any CPU
		{E2F76F9F-7051-4505-A8A1-2D6B3ABE3877}.Debug|x86.Build.0 = Debug|Any CPU
		{E2F76F9F-7051-4505-A8A1-2D6B3ABE3877}.Debug|x86.Deploy.0 = Debug|Any CPU
		{E2F76F9F-7051-4505-A8A1-2D6B3ABE3877}.Release|Any CPU.ActiveCfg = Release|Any CPU
		{E2F76F9F-7051-4505-A8A1-2D6B3ABE3877}.Release|Any CPU.Build.0 = Release|Any CPU
		{E2F76F9F-7051-4505-A8A1-2D6B3ABE3877}.Release|Any CPU.Deploy.0 = Release|Any CPU
		{E2F76F9F-7051-4505-A8A1-2D6B3ABE3877}.Release|ARM.ActiveCfg = Release|Any CPU
		{E2F76F9F-7051-4505-A8A1-2D6B3ABE3877}.Release|ARM.Build.0 = Release|Any CPU
		{E2F76F9F-7051-4505-A8A1-2D6B3ABE3877}.Release|ARM.Deploy.0 = Release|Any CPU
		{E2F76F9F-7051-4505-A8A1-2D6B3ABE3877}.Release|iPhone.ActiveCfg = Release|Any CPU
		{E2F76F9F-7051-4505-A8A1-2D6B3ABE3877}.Release|iPhone.Build.0 = Release|Any CPU
		{E2F76F9F-7051-4505-A8A1-2D6B3ABE3877}.Release|iPhone.Deploy.0 = Release|Any CPU
		{E2F76F9F-7051-4505-A8A1-2D6B3ABE3877}.Release|iPhoneSimulator.ActiveCfg = Release|Any CPU
		{E2F76F9F-7051-4505-A8A1-2D6B3ABE3877}.Release|iPhoneSimulator.Build.0 = Release|Any CPU
		{E2F76F9F-7051-4505-A8A1-2D6B3ABE3877}.Release|iPhoneSimulator.Deploy.0 = Release|Any CPU
		{E2F76F9F-7051-4505-A8A1-2D6B3ABE3877}.Release|x64.ActiveCfg = Release|Any CPU
		{E2F76F9F-7051-4505-A8A1-2D6B3ABE3877}.Release|x64.Build.0 = Release|Any CPU
		{E2F76F9F-7051-4505-A8A1-2D6B3ABE3877}.Release|x64.Deploy.0 = Release|Any CPU
		{E2F76F9F-7051-4505-A8A1-2D6B3ABE3877}.Release|x86.ActiveCfg = Release|Any CPU
		{E2F76F9F-7051-4505-A8A1-2D6B3ABE3877}.Release|x86.Build.0 = Release|Any CPU
		{E2F76F9F-7051-4505-A8A1-2D6B3ABE3877}.Release|x86.Deploy.0 = Release|Any CPU
		{99EF1B26-48EC-4538-A438-7DB60DE9117A}.Ad-Hoc|Any CPU.ActiveCfg = Ad-Hoc|iPhone
		{99EF1B26-48EC-4538-A438-7DB60DE9117A}.Ad-Hoc|Any CPU.Build.0 = Ad-Hoc|iPhone
		{99EF1B26-48EC-4538-A438-7DB60DE9117A}.Ad-Hoc|Any CPU.Deploy.0 = Ad-Hoc|iPhone
		{99EF1B26-48EC-4538-A438-7DB60DE9117A}.Ad-Hoc|ARM.ActiveCfg = Ad-Hoc|iPhone
		{99EF1B26-48EC-4538-A438-7DB60DE9117A}.Ad-Hoc|ARM.Build.0 = Ad-Hoc|iPhone
		{99EF1B26-48EC-4538-A438-7DB60DE9117A}.Ad-Hoc|ARM.Deploy.0 = Ad-Hoc|iPhone
		{99EF1B26-48EC-4538-A438-7DB60DE9117A}.Ad-Hoc|iPhone.ActiveCfg = Ad-Hoc|iPhone
		{99EF1B26-48EC-4538-A438-7DB60DE9117A}.Ad-Hoc|iPhone.Build.0 = Ad-Hoc|iPhone
		{99EF1B26-48EC-4538-A438-7DB60DE9117A}.Ad-Hoc|iPhone.Deploy.0 = Ad-Hoc|iPhone
		{99EF1B26-48EC-4538-A438-7DB60DE9117A}.Ad-Hoc|iPhoneSimulator.ActiveCfg = Ad-Hoc|iPhoneSimulator
		{99EF1B26-48EC-4538-A438-7DB60DE9117A}.Ad-Hoc|iPhoneSimulator.Build.0 = Ad-Hoc|iPhoneSimulator
		{99EF1B26-48EC-4538-A438-7DB60DE9117A}.Ad-Hoc|iPhoneSimulator.Deploy.0 = Ad-Hoc|iPhoneSimulator
		{99EF1B26-48EC-4538-A438-7DB60DE9117A}.Ad-Hoc|x64.ActiveCfg = Ad-Hoc|iPhone
		{99EF1B26-48EC-4538-A438-7DB60DE9117A}.Ad-Hoc|x64.Build.0 = Ad-Hoc|iPhone
		{99EF1B26-48EC-4538-A438-7DB60DE9117A}.Ad-Hoc|x64.Deploy.0 = Ad-Hoc|iPhone
		{99EF1B26-48EC-4538-A438-7DB60DE9117A}.Ad-Hoc|x86.ActiveCfg = Ad-Hoc|iPhone
		{99EF1B26-48EC-4538-A438-7DB60DE9117A}.Ad-Hoc|x86.Build.0 = Ad-Hoc|iPhone
		{99EF1B26-48EC-4538-A438-7DB60DE9117A}.Ad-Hoc|x86.Deploy.0 = Ad-Hoc|iPhone
		{99EF1B26-48EC-4538-A438-7DB60DE9117A}.AppStore|Any CPU.ActiveCfg = AppStore|iPhone
		{99EF1B26-48EC-4538-A438-7DB60DE9117A}.AppStore|Any CPU.Build.0 = AppStore|iPhone
		{99EF1B26-48EC-4538-A438-7DB60DE9117A}.AppStore|Any CPU.Deploy.0 = AppStore|iPhone
		{99EF1B26-48EC-4538-A438-7DB60DE9117A}.AppStore|ARM.ActiveCfg = AppStore|iPhone
		{99EF1B26-48EC-4538-A438-7DB60DE9117A}.AppStore|ARM.Build.0 = AppStore|iPhone
		{99EF1B26-48EC-4538-A438-7DB60DE9117A}.AppStore|ARM.Deploy.0 = AppStore|iPhone
		{99EF1B26-48EC-4538-A438-7DB60DE9117A}.AppStore|iPhone.ActiveCfg = AppStore|iPhone
		{99EF1B26-48EC-4538-A438-7DB60DE9117A}.AppStore|iPhone.Build.0 = AppStore|iPhone
		{99EF1B26-48EC-4538-A438-7DB60DE9117A}.AppStore|iPhone.Deploy.0 = AppStore|iPhone
		{99EF1B26-48EC-4538-A438-7DB60DE9117A}.AppStore|iPhoneSimulator.ActiveCfg = AppStore|iPhoneSimulator
		{99EF1B26-48EC-4538-A438-7DB60DE9117A}.AppStore|iPhoneSimulator.Build.0 = AppStore|iPhoneSimulator
		{99EF1B26-48EC-4538-A438-7DB60DE9117A}.AppStore|iPhoneSimulator.Deploy.0 = AppStore|iPhoneSimulator
		{99EF1B26-48EC-4538-A438-7DB60DE9117A}.AppStore|x64.ActiveCfg = AppStore|iPhone
		{99EF1B26-48EC-4538-A438-7DB60DE9117A}.AppStore|x64.Build.0 = AppStore|iPhone
		{99EF1B26-48EC-4538-A438-7DB60DE9117A}.AppStore|x64.Deploy.0 = AppStore|iPhone
		{99EF1B26-48EC-4538-A438-7DB60DE9117A}.AppStore|x86.ActiveCfg = AppStore|iPhone
		{99EF1B26-48EC-4538-A438-7DB60DE9117A}.AppStore|x86.Build.0 = AppStore|iPhone
		{99EF1B26-48EC-4538-A438-7DB60DE9117A}.AppStore|x86.Deploy.0 = AppStore|iPhone
		{99EF1B26-48EC-4538-A438-7DB60DE9117A}.Debug|Any CPU.ActiveCfg = Debug|iPhoneSimulator
		{99EF1B26-48EC-4538-A438-7DB60DE9117A}.Debug|Any CPU.Build.0 = Debug|iPhoneSimulator
		{99EF1B26-48EC-4538-A438-7DB60DE9117A}.Debug|Any CPU.Deploy.0 = Debug|iPhoneSimulator
		{99EF1B26-48EC-4538-A438-7DB60DE9117A}.Debug|ARM.ActiveCfg = Debug|iPhone
		{99EF1B26-48EC-4538-A438-7DB60DE9117A}.Debug|ARM.Build.0 = Debug|iPhone
		{99EF1B26-48EC-4538-A438-7DB60DE9117A}.Debug|ARM.Deploy.0 = Debug|iPhone
		{99EF1B26-48EC-4538-A438-7DB60DE9117A}.Debug|iPhone.ActiveCfg = Debug|iPhone
		{99EF1B26-48EC-4538-A438-7DB60DE9117A}.Debug|iPhone.Build.0 = Debug|iPhone
		{99EF1B26-48EC-4538-A438-7DB60DE9117A}.Debug|iPhone.Deploy.0 = Debug|iPhone
		{99EF1B26-48EC-4538-A438-7DB60DE9117A}.Debug|iPhoneSimulator.ActiveCfg = Debug|iPhoneSimulator
		{99EF1B26-48EC-4538-A438-7DB60DE9117A}.Debug|iPhoneSimulator.Build.0 = Debug|iPhoneSimulator
		{99EF1B26-48EC-4538-A438-7DB60DE9117A}.Debug|iPhoneSimulator.Deploy.0 = Debug|iPhoneSimulator
		{99EF1B26-48EC-4538-A438-7DB60DE9117A}.Debug|x64.ActiveCfg = Debug|iPhone
		{99EF1B26-48EC-4538-A438-7DB60DE9117A}.Debug|x64.Build.0 = Debug|iPhone
		{99EF1B26-48EC-4538-A438-7DB60DE9117A}.Debug|x64.Deploy.0 = Debug|iPhone
		{99EF1B26-48EC-4538-A438-7DB60DE9117A}.Debug|x86.ActiveCfg = Debug|iPhone
		{99EF1B26-48EC-4538-A438-7DB60DE9117A}.Debug|x86.Build.0 = Debug|iPhone
		{99EF1B26-48EC-4538-A438-7DB60DE9117A}.Debug|x86.Deploy.0 = Debug|iPhone
		{99EF1B26-48EC-4538-A438-7DB60DE9117A}.Release|Any CPU.ActiveCfg = Release|iPhone
		{99EF1B26-48EC-4538-A438-7DB60DE9117A}.Release|Any CPU.Build.0 = Release|iPhone
		{99EF1B26-48EC-4538-A438-7DB60DE9117A}.Release|Any CPU.Deploy.0 = Release|iPhone
		{99EF1B26-48EC-4538-A438-7DB60DE9117A}.Release|ARM.ActiveCfg = Release|iPhone
		{99EF1B26-48EC-4538-A438-7DB60DE9117A}.Release|ARM.Build.0 = Release|iPhone
		{99EF1B26-48EC-4538-A438-7DB60DE9117A}.Release|ARM.Deploy.0 = Release|iPhone
		{99EF1B26-48EC-4538-A438-7DB60DE9117A}.Release|iPhone.ActiveCfg = Release|iPhone
		{99EF1B26-48EC-4538-A438-7DB60DE9117A}.Release|iPhone.Build.0 = Release|iPhone
		{99EF1B26-48EC-4538-A438-7DB60DE9117A}.Release|iPhone.Deploy.0 = Release|iPhone
		{99EF1B26-48EC-4538-A438-7DB60DE9117A}.Release|iPhoneSimulator.ActiveCfg = Release|iPhoneSimulator
		{99EF1B26-48EC-4538-A438-7DB60DE9117A}.Release|iPhoneSimulator.Build.0 = Release|iPhoneSimulator
		{99EF1B26-48EC-4538-A438-7DB60DE9117A}.Release|iPhoneSimulator.Deploy.0 = Release|iPhoneSimulator
		{99EF1B26-48EC-4538-A438-7DB60DE9117A}.Release|x64.ActiveCfg = Release|iPhone
		{99EF1B26-48EC-4538-A438-7DB60DE9117A}.Release|x64.Build.0 = Release|iPhone
		{99EF1B26-48EC-4538-A438-7DB60DE9117A}.Release|x64.Deploy.0 = Release|iPhone
		{99EF1B26-48EC-4538-A438-7DB60DE9117A}.Release|x86.ActiveCfg = Release|iPhone
		{99EF1B26-48EC-4538-A438-7DB60DE9117A}.Release|x86.Build.0 = Release|iPhone
		{99EF1B26-48EC-4538-A438-7DB60DE9117A}.Release|x86.Deploy.0 = Release|iPhone
		{44385D3A-6022-4333-B0CC-A29865660A63}.Ad-Hoc|Any CPU.ActiveCfg = Release|x86
		{44385D3A-6022-4333-B0CC-A29865660A63}.Ad-Hoc|Any CPU.Build.0 = Release|x86
		{44385D3A-6022-4333-B0CC-A29865660A63}.Ad-Hoc|Any CPU.Deploy.0 = Release|x86
		{44385D3A-6022-4333-B0CC-A29865660A63}.Ad-Hoc|ARM.ActiveCfg = Release|ARM
		{44385D3A-6022-4333-B0CC-A29865660A63}.Ad-Hoc|ARM.Build.0 = Release|ARM
		{44385D3A-6022-4333-B0CC-A29865660A63}.Ad-Hoc|ARM.Deploy.0 = Release|ARM
		{44385D3A-6022-4333-B0CC-A29865660A63}.Ad-Hoc|iPhone.ActiveCfg = Release|x86
		{44385D3A-6022-4333-B0CC-A29865660A63}.Ad-Hoc|iPhone.Build.0 = Release|x86
		{44385D3A-6022-4333-B0CC-A29865660A63}.Ad-Hoc|iPhone.Deploy.0 = Release|x86
		{44385D3A-6022-4333-B0CC-A29865660A63}.Ad-Hoc|iPhoneSimulator.ActiveCfg = Release|x86
		{44385D3A-6022-4333-B0CC-A29865660A63}.Ad-Hoc|iPhoneSimulator.Build.0 = Release|x86
		{44385D3A-6022-4333-B0CC-A29865660A63}.Ad-Hoc|iPhoneSimulator.Deploy.0 = Release|x86
		{44385D3A-6022-4333-B0CC-A29865660A63}.Ad-Hoc|x64.ActiveCfg = Release|x64
		{44385D3A-6022-4333-B0CC-A29865660A63}.Ad-Hoc|x64.Build.0 = Release|x64
		{44385D3A-6022-4333-B0CC-A29865660A63}.Ad-Hoc|x64.Deploy.0 = Release|x64
		{44385D3A-6022-4333-B0CC-A29865660A63}.Ad-Hoc|x86.ActiveCfg = Release|x86
		{44385D3A-6022-4333-B0CC-A29865660A63}.Ad-Hoc|x86.Build.0 = Release|x86
		{44385D3A-6022-4333-B0CC-A29865660A63}.Ad-Hoc|x86.Deploy.0 = Release|x86
		{44385D3A-6022-4333-B0CC-A29865660A63}.AppStore|Any CPU.ActiveCfg = Release|x86
		{44385D3A-6022-4333-B0CC-A29865660A63}.AppStore|Any CPU.Build.0 = Release|x86
		{44385D3A-6022-4333-B0CC-A29865660A63}.AppStore|Any CPU.Deploy.0 = Release|x86
		{44385D3A-6022-4333-B0CC-A29865660A63}.AppStore|ARM.ActiveCfg = Release|ARM
		{44385D3A-6022-4333-B0CC-A29865660A63}.AppStore|ARM.Build.0 = Release|ARM
		{44385D3A-6022-4333-B0CC-A29865660A63}.AppStore|ARM.Deploy.0 = Release|ARM
		{44385D3A-6022-4333-B0CC-A29865660A63}.AppStore|iPhone.ActiveCfg = Release|x86
		{44385D3A-6022-4333-B0CC-A29865660A63}.AppStore|iPhone.Build.0 = Release|x86
		{44385D3A-6022-4333-B0CC-A29865660A63}.AppStore|iPhone.Deploy.0 = Release|x86
		{44385D3A-6022-4333-B0CC-A29865660A63}.AppStore|iPhoneSimulator.ActiveCfg = Release|x86
		{44385D3A-6022-4333-B0CC-A29865660A63}.AppStore|iPhoneSimulator.Build.0 = Release|x86
		{44385D3A-6022-4333-B0CC-A29865660A63}.AppStore|iPhoneSimulator.Deploy.0 = Release|x86
		{44385D3A-6022-4333-B0CC-A29865660A63}.AppStore|x64.ActiveCfg = Release|x64
		{44385D3A-6022-4333-B0CC-A29865660A63}.AppStore|x64.Build.0 = Release|x64
		{44385D3A-6022-4333-B0CC-A29865660A63}.AppStore|x64.Deploy.0 = Release|x64
		{44385D3A-6022-4333-B0CC-A29865660A63}.AppStore|x86.ActiveCfg = Release|x86
		{44385D3A-6022-4333-B0CC-A29865660A63}.AppStore|x86.Build.0 = Release|x86
		{44385D3A-6022-4333-B0CC-A29865660A63}.AppStore|x86.Deploy.0 = Release|x86
		{44385D3A-6022-4333-B0CC-A29865660A63}.Debug|Any CPU.ActiveCfg = Debug|x86
		{44385D3A-6022-4333-B0CC-A29865660A63}.Debug|Any CPU.Build.0 = Debug|x86
		{44385D3A-6022-4333-B0CC-A29865660A63}.Debug|Any CPU.Deploy.0 = Debug|x86
		{44385D3A-6022-4333-B0CC-A29865660A63}.Debug|ARM.ActiveCfg = Debug|ARM
		{44385D3A-6022-4333-B0CC-A29865660A63}.Debug|ARM.Build.0 = Debug|ARM
		{44385D3A-6022-4333-B0CC-A29865660A63}.Debug|ARM.Deploy.0 = Debug|ARM
		{44385D3A-6022-4333-B0CC-A29865660A63}.Debug|iPhone.ActiveCfg = Debug|x86
		{44385D3A-6022-4333-B0CC-A29865660A63}.Debug|iPhone.Build.0 = Debug|x86
		{44385D3A-6022-4333-B0CC-A29865660A63}.Debug|iPhone.Deploy.0 = Debug|x86
		{44385D3A-6022-4333-B0CC-A29865660A63}.Debug|iPhoneSimulator.ActiveCfg = Debug|x86
		{44385D3A-6022-4333-B0CC-A29865660A63}.Debug|iPhoneSimulator.Build.0 = Debug|x86
		{44385D3A-6022-4333-B0CC-A29865660A63}.Debug|iPhoneSimulator.Deploy.0 = Debug|x86
		{44385D3A-6022-4333-B0CC-A29865660A63}.Debug|x64.ActiveCfg = Debug|x64
		{44385D3A-6022-4333-B0CC-A29865660A63}.Debug|x64.Build.0 = Debug|x64
		{44385D3A-6022-4333-B0CC-A29865660A63}.Debug|x64.Deploy.0 = Debug|x64
		{44385D3A-6022-4333-B0CC-A29865660A63}.Debug|x86.ActiveCfg = Debug|x86
		{44385D3A-6022-4333-B0CC-A29865660A63}.Debug|x86.Build.0 = Debug|x86
		{44385D3A-6022-4333-B0CC-A29865660A63}.Debug|x86.Deploy.0 = Debug|x86
		{44385D3A-6022-4333-B0CC-A29865660A63}.Release|Any CPU.ActiveCfg = Release|x86
		{44385D3A-6022-4333-B0CC-A29865660A63}.Release|Any CPU.Build.0 = Release|x86
		{44385D3A-6022-4333-B0CC-A29865660A63}.Release|Any CPU.Deploy.0 = Release|x86
		{44385D3A-6022-4333-B0CC-A29865660A63}.Release|ARM.ActiveCfg = Release|ARM
		{44385D3A-6022-4333-B0CC-A29865660A63}.Release|ARM.Build.0 = Release|ARM
		{44385D3A-6022-4333-B0CC-A29865660A63}.Release|ARM.Deploy.0 = Release|ARM
		{44385D3A-6022-4333-B0CC-A29865660A63}.Release|iPhone.ActiveCfg = Release|x86
		{44385D3A-6022-4333-B0CC-A29865660A63}.Release|iPhone.Build.0 = Release|x86
		{44385D3A-6022-4333-B0CC-A29865660A63}.Release|iPhone.Deploy.0 = Release|x86
		{44385D3A-6022-4333-B0CC-A29865660A63}.Release|iPhoneSimulator.ActiveCfg = Release|x86
		{44385D3A-6022-4333-B0CC-A29865660A63}.Release|iPhoneSimulator.Build.0 = Release|x86
		{44385D3A-6022-4333-B0CC-A29865660A63}.Release|iPhoneSimulator.Deploy.0 = Release|x86
		{44385D3A-6022-4333-B0CC-A29865660A63}.Release|x64.ActiveCfg = Release|x64
		{44385D3A-6022-4333-B0CC-A29865660A63}.Release|x64.Build.0 = Release|x64
		{44385D3A-6022-4333-B0CC-A29865660A63}.Release|x64.Deploy.0 = Release|x64
		{44385D3A-6022-4333-B0CC-A29865660A63}.Release|x86.ActiveCfg = Release|x86
		{44385D3A-6022-4333-B0CC-A29865660A63}.Release|x86.Build.0 = Release|x86
		{44385D3A-6022-4333-B0CC-A29865660A63}.Release|x86.Deploy.0 = Release|x86
		{202CCB9E-4465-43E1-B713-79DF1E07B7E8}.Ad-Hoc|Any CPU.ActiveCfg = Debug|Any CPU
		{202CCB9E-4465-43E1-B713-79DF1E07B7E8}.Ad-Hoc|Any CPU.Build.0 = Debug|Any CPU
		{202CCB9E-4465-43E1-B713-79DF1E07B7E8}.Ad-Hoc|Any CPU.Deploy.0 = Debug|Any CPU
		{202CCB9E-4465-43E1-B713-79DF1E07B7E8}.Ad-Hoc|ARM.ActiveCfg = Debug|Any CPU
		{202CCB9E-4465-43E1-B713-79DF1E07B7E8}.Ad-Hoc|ARM.Build.0 = Debug|Any CPU
		{202CCB9E-4465-43E1-B713-79DF1E07B7E8}.Ad-Hoc|ARM.Deploy.0 = Debug|Any CPU
		{202CCB9E-4465-43E1-B713-79DF1E07B7E8}.Ad-Hoc|iPhone.ActiveCfg = Debug|Any CPU
		{202CCB9E-4465-43E1-B713-79DF1E07B7E8}.Ad-Hoc|iPhone.Build.0 = Debug|Any CPU
		{202CCB9E-4465-43E1-B713-79DF1E07B7E8}.Ad-Hoc|iPhone.Deploy.0 = Debug|Any CPU
		{202CCB9E-4465-43E1-B713-79DF1E07B7E8}.Ad-Hoc|iPhoneSimulator.ActiveCfg = Debug|Any CPU
		{202CCB9E-4465-43E1-B713-79DF1E07B7E8}.Ad-Hoc|iPhoneSimulator.Build.0 = Debug|Any CPU
		{202CCB9E-4465-43E1-B713-79DF1E07B7E8}.Ad-Hoc|iPhoneSimulator.Deploy.0 = Debug|Any CPU
		{202CCB9E-4465-43E1-B713-79DF1E07B7E8}.Ad-Hoc|x64.ActiveCfg = Debug|Any CPU
		{202CCB9E-4465-43E1-B713-79DF1E07B7E8}.Ad-Hoc|x64.Build.0 = Debug|Any CPU
		{202CCB9E-4465-43E1-B713-79DF1E07B7E8}.Ad-Hoc|x64.Deploy.0 = Debug|Any CPU
		{202CCB9E-4465-43E1-B713-79DF1E07B7E8}.Ad-Hoc|x86.ActiveCfg = Debug|Any CPU
		{202CCB9E-4465-43E1-B713-79DF1E07B7E8}.Ad-Hoc|x86.Build.0 = Debug|Any CPU
		{202CCB9E-4465-43E1-B713-79DF1E07B7E8}.Ad-Hoc|x86.Deploy.0 = Debug|Any CPU
		{202CCB9E-4465-43E1-B713-79DF1E07B7E8}.AppStore|Any CPU.ActiveCfg = Debug|Any CPU
		{202CCB9E-4465-43E1-B713-79DF1E07B7E8}.AppStore|Any CPU.Build.0 = Debug|Any CPU
		{202CCB9E-4465-43E1-B713-79DF1E07B7E8}.AppStore|Any CPU.Deploy.0 = Debug|Any CPU
		{202CCB9E-4465-43E1-B713-79DF1E07B7E8}.AppStore|ARM.ActiveCfg = Debug|Any CPU
		{202CCB9E-4465-43E1-B713-79DF1E07B7E8}.AppStore|ARM.Build.0 = Debug|Any CPU
		{202CCB9E-4465-43E1-B713-79DF1E07B7E8}.AppStore|ARM.Deploy.0 = Debug|Any CPU
		{202CCB9E-4465-43E1-B713-79DF1E07B7E8}.AppStore|iPhone.ActiveCfg = Debug|Any CPU
		{202CCB9E-4465-43E1-B713-79DF1E07B7E8}.AppStore|iPhone.Build.0 = Debug|Any CPU
		{202CCB9E-4465-43E1-B713-79DF1E07B7E8}.AppStore|iPhone.Deploy.0 = Debug|Any CPU
		{202CCB9E-4465-43E1-B713-79DF1E07B7E8}.AppStore|iPhoneSimulator.ActiveCfg = Debug|Any CPU
		{202CCB9E-4465-43E1-B713-79DF1E07B7E8}.AppStore|iPhoneSimulator.Build.0 = Debug|Any CPU
		{202CCB9E-4465-43E1-B713-79DF1E07B7E8}.AppStore|iPhoneSimulator.Deploy.0 = Debug|Any CPU
		{202CCB9E-4465-43E1-B713-79DF1E07B7E8}.AppStore|x64.ActiveCfg = Debug|Any CPU
		{202CCB9E-4465-43E1-B713-79DF1E07B7E8}.AppStore|x64.Build.0 = Debug|Any CPU
		{202CCB9E-4465-43E1-B713-79DF1E07B7E8}.AppStore|x64.Deploy.0 = Debug|Any CPU
		{202CCB9E-4465-43E1-B713-79DF1E07B7E8}.AppStore|x86.ActiveCfg = Debug|Any CPU
		{202CCB9E-4465-43E1-B713-79DF1E07B7E8}.AppStore|x86.Build.0 = Debug|Any CPU
		{202CCB9E-4465-43E1-B713-79DF1E07B7E8}.AppStore|x86.Deploy.0 = Debug|Any CPU
		{202CCB9E-4465-43E1-B713-79DF1E07B7E8}.Debug|Any CPU.ActiveCfg = Debug|Any CPU
		{202CCB9E-4465-43E1-B713-79DF1E07B7E8}.Debug|Any CPU.Build.0 = Debug|Any CPU
		{202CCB9E-4465-43E1-B713-79DF1E07B7E8}.Debug|Any CPU.Deploy.0 = Debug|Any CPU
		{202CCB9E-4465-43E1-B713-79DF1E07B7E8}.Debug|ARM.ActiveCfg = Debug|Any CPU
		{202CCB9E-4465-43E1-B713-79DF1E07B7E8}.Debug|ARM.Build.0 = Debug|Any CPU
		{202CCB9E-4465-43E1-B713-79DF1E07B7E8}.Debug|ARM.Deploy.0 = Debug|Any CPU
		{202CCB9E-4465-43E1-B713-79DF1E07B7E8}.Debug|iPhone.ActiveCfg = Debug|Any CPU
		{202CCB9E-4465-43E1-B713-79DF1E07B7E8}.Debug|iPhone.Build.0 = Debug|Any CPU
		{202CCB9E-4465-43E1-B713-79DF1E07B7E8}.Debug|iPhone.Deploy.0 = Debug|Any CPU
		{202CCB9E-4465-43E1-B713-79DF1E07B7E8}.Debug|iPhoneSimulator.ActiveCfg = Debug|Any CPU
		{202CCB9E-4465-43E1-B713-79DF1E07B7E8}.Debug|iPhoneSimulator.Build.0 = Debug|Any CPU
		{202CCB9E-4465-43E1-B713-79DF1E07B7E8}.Debug|iPhoneSimulator.Deploy.0 = Debug|Any CPU
		{202CCB9E-4465-43E1-B713-79DF1E07B7E8}.Debug|x64.ActiveCfg = Debug|Any CPU
		{202CCB9E-4465-43E1-B713-79DF1E07B7E8}.Debug|x64.Build.0 = Debug|Any CPU
		{202CCB9E-4465-43E1-B713-79DF1E07B7E8}.Debug|x64.Deploy.0 = Debug|Any CPU
		{202CCB9E-4465-43E1-B713-79DF1E07B7E8}.Debug|x86.ActiveCfg = Debug|Any CPU
		{202CCB9E-4465-43E1-B713-79DF1E07B7E8}.Debug|x86.Build.0 = Debug|Any CPU
		{202CCB9E-4465-43E1-B713-79DF1E07B7E8}.Debug|x86.Deploy.0 = Debug|Any CPU
		{202CCB9E-4465-43E1-B713-79DF1E07B7E8}.Release|Any CPU.ActiveCfg = Release|Any CPU
		{202CCB9E-4465-43E1-B713-79DF1E07B7E8}.Release|Any CPU.Build.0 = Release|Any CPU
		{202CCB9E-4465-43E1-B713-79DF1E07B7E8}.Release|Any CPU.Deploy.0 = Release|Any CPU
		{202CCB9E-4465-43E1-B713-79DF1E07B7E8}.Release|ARM.ActiveCfg = Release|Any CPU
		{202CCB9E-4465-43E1-B713-79DF1E07B7E8}.Release|ARM.Build.0 = Release|Any CPU
		{202CCB9E-4465-43E1-B713-79DF1E07B7E8}.Release|ARM.Deploy.0 = Release|Any CPU
		{202CCB9E-4465-43E1-B713-79DF1E07B7E8}.Release|iPhone.ActiveCfg = Release|Any CPU
		{202CCB9E-4465-43E1-B713-79DF1E07B7E8}.Release|iPhone.Build.0 = Release|Any CPU
		{202CCB9E-4465-43E1-B713-79DF1E07B7E8}.Release|iPhone.Deploy.0 = Release|Any CPU
		{202CCB9E-4465-43E1-B713-79DF1E07B7E8}.Release|iPhoneSimulator.ActiveCfg = Release|Any CPU
		{202CCB9E-4465-43E1-B713-79DF1E07B7E8}.Release|iPhoneSimulator.Build.0 = Release|Any CPU
		{202CCB9E-4465-43E1-B713-79DF1E07B7E8}.Release|iPhoneSimulator.Deploy.0 = Release|Any CPU
		{202CCB9E-4465-43E1-B713-79DF1E07B7E8}.Release|x64.ActiveCfg = Release|Any CPU
		{202CCB9E-4465-43E1-B713-79DF1E07B7E8}.Release|x64.Build.0 = Release|Any CPU
		{202CCB9E-4465-43E1-B713-79DF1E07B7E8}.Release|x64.Deploy.0 = Release|Any CPU
		{202CCB9E-4465-43E1-B713-79DF1E07B7E8}.Release|x86.ActiveCfg = Release|Any CPU
		{202CCB9E-4465-43E1-B713-79DF1E07B7E8}.Release|x86.Build.0 = Release|Any CPU
		{202CCB9E-4465-43E1-B713-79DF1E07B7E8}.Release|x86.Deploy.0 = Release|Any CPU
	EndGlobalSection
	GlobalSection(SolutionProperties) = preSolution
		HideSolutionNode = FALSE
	EndGlobalSection
	GlobalSection(ExtensibilityGlobals) = postSolution
		SolutionGuid = {4CF134E2-C6E8-4D57-BABB-03CB00A10BD0}
	EndGlobalSection
EndGlobal
